
Microsoft Visual Studio Solution File, Format Version 12.00
# Visual Studio Version 17
VisualStudioVersion = 17.3.32825.248
MinimumVisualStudioVersion = 10.0.40219.1
Project("{FAE04EC0-301F-11D3-BF4B-00C04F79EFBC}") = "SharedLib", "SharedLib\SharedLib.csproj", "{C52A9167-6208-4050-829A-C6393D5861CE}"
EndProject
Project("{FAE04EC0-301F-11D3-BF4B-00C04F79EFBC}") = "ModelsDap", "ModelsDap\ModelsDap.csproj", "{F31ECDCD-5753-438D-BF1A-10C624D0C9F9}"
EndProject
Project("{FAE04EC0-301F-11D3-BF4B-00C04F79EFBC}") = "Tests", "Tests\Tests.csproj", "{41150D3D-0BCC-4D51-B98E-F075D028CDEC}"
EndProject
Global
	GlobalSection(SolutionConfigurationPlatforms) = preSolution
		Debug|Any CPU = Debug|Any CPU
		Release|Any CPU = Release|Any CPU
	EndGlobalSection
	GlobalSection(ProjectConfigurationPlatforms) = postSolution
		{C52A9167-6208-4050-829A-C6393D5861CE}.Debug|Any CPU.ActiveCfg = Debug|Any CPU
		{C52A9167-6208-4050-829A-C6393D5861CE}.Debug|Any CPU.Build.0 = Debug|Any CPU
		{C52A9167-6208-4050-829A-C6393D5861CE}.Release|Any CPU.ActiveCfg = Release|Any CPU
		{C52A9167-6208-4050-829A-C6393D5861CE}.Release|Any CPU.Build.0 = Release|Any CPU
		{F31ECDCD-5753-438D-BF1A-10C624D0C9F9}.Debug|Any CPU.ActiveCfg = Debug|Any CPU
		{F31ECDCD-5753-438D-BF1A-10C624D0C9F9}.Debug|Any CPU.Build.0 = Debug|Any CPU
		{F31ECDCD-5753-438D-BF1A-10C624D0C9F9}.Release|Any CPU.ActiveCfg = Release|Any CPU
		{F31ECDCD-5753-438D-BF1A-10C624D0C9F9}.Release|Any CPU.Build.0 = Release|Any CPU
		{41150D3D-0BCC-4D51-B98E-F075D028CDEC}.Debug|Any CPU.ActiveCfg = Debug|Any CPU
		{41150D3D-0BCC-4D51-B98E-F075D028CDEC}.Debug|Any CPU.Build.0 = Debug|Any CPU
		{41150D3D-0BCC-4D51-B98E-F075D028CDEC}.Release|Any CPU.ActiveCfg = Release|Any CPU
		{41150D3D-0BCC-4D51-B98E-F075D028CDEC}.Release|Any CPU.Build.0 = Release|Any CPU
	EndGlobalSection
	GlobalSection(SolutionProperties) = preSolution
		HideSolutionNode = FALSE
	EndGlobalSection
	GlobalSection(ExtensibilityGlobals) = postSolution
		SolutionGuid = {0270B798-EA64-46B4-B42E-57B8FA9982B1}
	EndGlobalSection
EndGlobal
