
Microsoft Visual Studio Solution File, Format Version 12.00
# Visual Studio Version 17
VisualStudioVersion = 17.3.32825.248
MinimumVisualStudioVersion = 10.0.40219.1
Project("{9A19103F-16F7-4668-BE54-9A1E7A4F7556}") = "ModelsDap", "ModelsDap\ModelsDap.csproj", "{F31ECDCD-5753-438D-BF1A-10C624D0C9F9}"
EndProject
Project("{9A19103F-16F7-4668-BE54-9A1E7A4F7556}") = "Tests", "Tests\Tests.csproj", "{41150D3D-0BCC-4D51-B98E-F075D028CDEC}"
EndProject
Project("{9A19103F-16F7-4668-BE54-9A1E7A4F7556}") = "Website", "Website\Website.csproj", "{75B2E2E2-CC20-4F3F-91B2-A010E0C44A83}"
	ProjectSection(ProjectDependencies) = postProject
		{F31ECDCD-5753-438D-BF1A-10C624D0C9F9} = {F31ECDCD-5753-438D-BF1A-10C624D0C9F9}
	EndProjectSection
EndProject
Global
	GlobalSection(SolutionConfigurationPlatforms) = preSolution
		Debug|Any CPU = Debug|Any CPU
		Release|Any CPU = Release|Any CPU
	EndGlobalSection
	GlobalSection(ProjectConfigurationPlatforms) = postSolution
		{F31ECDCD-5753-438D-BF1A-10C624D0C9F9}.Debug|Any CPU.ActiveCfg = Debug|Any CPU
		{F31ECDCD-5753-438D-BF1A-10C624D0C9F9}.Debug|Any CPU.Build.0 = Debug|Any CPU
		{F31ECDCD-5753-438D-BF1A-10C624D0C9F9}.Release|Any CPU.ActiveCfg = Release|Any CPU
		{F31ECDCD-5753-438D-BF1A-10C624D0C9F9}.Release|Any CPU.Build.0 = Release|Any CPU
		{41150D3D-0BCC-4D51-B98E-F075D028CDEC}.Debug|Any CPU.ActiveCfg = Debug|Any CPU
		{41150D3D-0BCC-4D51-B98E-F075D028CDEC}.Debug|Any CPU.Build.0 = Debug|Any CPU
		{41150D3D-0BCC-4D51-B98E-F075D028CDEC}.Release|Any CPU.ActiveCfg = Release|Any CPU
		{41150D3D-0BCC-4D51-B98E-F075D028CDEC}.Release|Any CPU.Build.0 = Release|Any CPU
		{75B2E2E2-CC20-4F3F-91B2-A010E0C44A83}.Debug|Any CPU.ActiveCfg = Debug|Any CPU
		{75B2E2E2-CC20-4F3F-91B2-A010E0C44A83}.Debug|Any CPU.Build.0 = Debug|Any CPU
		{75B2E2E2-CC20-4F3F-91B2-A010E0C44A83}.Release|Any CPU.ActiveCfg = Release|Any CPU
		{75B2E2E2-CC20-4F3F-91B2-A010E0C44A83}.Release|Any CPU.Build.0 = Release|Any CPU
	EndGlobalSection
	GlobalSection(SolutionProperties) = preSolution
		HideSolutionNode = FALSE
	EndGlobalSection
	GlobalSection(ExtensibilityGlobals) = postSolution
		SolutionGuid = {0270B798-EA64-46B4-B42E-57B8FA9982B1}
	EndGlobalSection
EndGlobal
