
Microsoft Visual Studio Solution File, Format Version 12.00
# Visual Studio Version 17
VisualStudioVersion = 17.3.32825.248
MinimumVisualStudioVersion = 10.0.40219.1
Project("{9A19103F-16F7-4668-BE54-9A1E7A4F7556}") = "CarRentalLibrary", "ModelsDap\CarRentalLibrary.csproj", "{F31ECDCD-5753-438D-BF1A-10C624D0C9F9}"
EndProject
Project("{9A19103F-16F7-4668-BE54-9A1E7A4F7556}") = "Tests", "Tests\Tests.csproj", "{41150D3D-0BCC-4D51-B98E-F075D028CDEC}"
EndProject
Project("{9A19103F-16F7-4668-BE54-9A1E7A4F7556}") = "CarRentalSite", "CarRentalSite\CarRentalSite.csproj", "{C256240F-7A7C-4FF8-9806-5CF74093B788}"
EndProject
Project("{9A19103F-16F7-4668-BE54-9A1E7A4F7556}") = "WebAPI", "WebAPI\WebAPI.csproj", "{37E7984D-54EF-4611-BE0F-F9D8FD36BFEA}"
EndProject
Project("{FAE04EC0-301F-11D3-BF4B-00C04F79EFBC}") = "DesktopClient", "DesktopClient\DesktopClient.csproj", "{87D87321-5848-4182-8EE5-2F42D721D305}"
EndProject
Global
	GlobalSection(SolutionConfigurationPlatforms) = preSolution
		Debug|Any CPU = Debug|Any CPU
		Release|Any CPU = Release|Any CPU
	EndGlobalSection
	GlobalSection(ProjectConfigurationPlatforms) = postSolution
		{F31ECDCD-5753-438D-BF1A-10C624D0C9F9}.Debug|Any CPU.ActiveCfg = Debug|Any CPU
		{F31ECDCD-5753-438D-BF1A-10C624D0C9F9}.Debug|Any CPU.Build.0 = Debug|Any CPU
		{F31ECDCD-5753-438D-BF1A-10C624D0C9F9}.Release|Any CPU.ActiveCfg = Release|Any CPU
		{F31ECDCD-5753-438D-BF1A-10C624D0C9F9}.Release|Any CPU.Build.0 = Release|Any CPU
		{41150D3D-0BCC-4D51-B98E-F075D028CDEC}.Debug|Any CPU.ActiveCfg = Debug|Any CPU
		{41150D3D-0BCC-4D51-B98E-F075D028CDEC}.Debug|Any CPU.Build.0 = Debug|Any CPU
		{41150D3D-0BCC-4D51-B98E-F075D028CDEC}.Release|Any CPU.ActiveCfg = Release|Any CPU
		{41150D3D-0BCC-4D51-B98E-F075D028CDEC}.Release|Any CPU.Build.0 = Release|Any CPU
		{C256240F-7A7C-4FF8-9806-5CF74093B788}.Debug|Any CPU.ActiveCfg = Debug|Any CPU
		{C256240F-7A7C-4FF8-9806-5CF74093B788}.Debug|Any CPU.Build.0 = Debug|Any CPU
		{C256240F-7A7C-4FF8-9806-5CF74093B788}.Release|Any CPU.ActiveCfg = Release|Any CPU
		{C256240F-7A7C-4FF8-9806-5CF74093B788}.Release|Any CPU.Build.0 = Release|Any CPU
		{37E7984D-54EF-4611-BE0F-F9D8FD36BFEA}.Debug|Any CPU.ActiveCfg = Debug|Any CPU
		{37E7984D-54EF-4611-BE0F-F9D8FD36BFEA}.Debug|Any CPU.Build.0 = Debug|Any CPU
		{37E7984D-54EF-4611-BE0F-F9D8FD36BFEA}.Release|Any CPU.ActiveCfg = Release|Any CPU
		{37E7984D-54EF-4611-BE0F-F9D8FD36BFEA}.Release|Any CPU.Build.0 = Release|Any CPU
		{87D87321-5848-4182-8EE5-2F42D721D305}.Debug|Any CPU.ActiveCfg = Debug|Any CPU
		{87D87321-5848-4182-8EE5-2F42D721D305}.Debug|Any CPU.Build.0 = Debug|Any CPU
		{87D87321-5848-4182-8EE5-2F42D721D305}.Release|Any CPU.ActiveCfg = Release|Any CPU
		{87D87321-5848-4182-8EE5-2F42D721D305}.Release|Any CPU.Build.0 = Release|Any CPU
	EndGlobalSection
	GlobalSection(SolutionProperties) = preSolution
		HideSolutionNode = FALSE
	EndGlobalSection
	GlobalSection(ExtensibilityGlobals) = postSolution
		SolutionGuid = {0270B798-EA64-46B4-B42E-57B8FA9982B1}
	EndGlobalSection
EndGlobal
